
Microsoft Visual Studio Solution File, Format Version 12.00
# Visual Studio 15
VisualStudioVersion = 15.0.28307.271
MinimumVisualStudioVersion = 10.0.40219.1
Project("{FAE04EC0-301F-11D3-BF4B-00C04F79EFBC}") = "Laba2", "Laba2\Laba2.csproj", "{839AA8E1-150A-4C51-B708-180353ADCE7F}"
EndProject
Global
	GlobalSection(SolutionConfigurationPlatforms) = preSolution
		Debug|Any CPU = Debug|Any CPU
		Release|Any CPU = Release|Any CPU
	EndGlobalSection
	GlobalSection(ProjectConfigurationPlatforms) = postSolution
		{839AA8E1-150A-4C51-B708-180353ADCE7F}.Debug|Any CPU.ActiveCfg = Debug|Any CPU
		{839AA8E1-150A-4C51-B708-180353ADCE7F}.Debug|Any CPU.Build.0 = Debug|Any CPU
		{839AA8E1-150A-4C51-B708-180353ADCE7F}.Release|Any CPU.ActiveCfg = Release|Any CPU
		{839AA8E1-150A-4C51-B708-180353ADCE7F}.Release|Any CPU.Build.0 = Release|Any CPU
	EndGlobalSection
	GlobalSection(SolutionProperties) = preSolution
		HideSolutionNode = FALSE
	EndGlobalSection
	GlobalSection(ExtensibilityGlobals) = postSolution
		SolutionGuid = {45E64EF2-602F-4028-95C5-337654CC0F5B}
	EndGlobalSection
EndGlobal
